
Microsoft Visual Studio Solution File, Format Version 12.00
# Visual Studio Version 17
VisualStudioVersion = 17.3.32811.315
MinimumVisualStudioVersion = 10.0.40219.1
Project("{FAE04EC0-301F-11D3-BF4B-00C04F79EFBC}") = "Lista9", "Lista9\Lista9.csproj", "{AE2217C0-B369-407B-8E81-8217C014EDF1}"
EndProject
Global
	GlobalSection(SolutionConfigurationPlatforms) = preSolution
		Debug|Any CPU = Debug|Any CPU
		Release|Any CPU = Release|Any CPU
	EndGlobalSection
	GlobalSection(ProjectConfigurationPlatforms) = postSolution
		{AE2217C0-B369-407B-8E81-8217C014EDF1}.Debug|Any CPU.ActiveCfg = Debug|Any CPU
		{AE2217C0-B369-407B-8E81-8217C014EDF1}.Debug|Any CPU.Build.0 = Debug|Any CPU
		{AE2217C0-B369-407B-8E81-8217C014EDF1}.Release|Any CPU.ActiveCfg = Release|Any CPU
		{AE2217C0-B369-407B-8E81-8217C014EDF1}.Release|Any CPU.Build.0 = Release|Any CPU
	EndGlobalSection
	GlobalSection(SolutionProperties) = preSolution
		HideSolutionNode = FALSE
	EndGlobalSection
	GlobalSection(ExtensibilityGlobals) = postSolution
		SolutionGuid = {F07C4E55-C37D-4A2C-A0CA-426FBCCC8B6F}
	EndGlobalSection
EndGlobal
